{
  "pins" : [
    {
      "identity" : "abseil-cpp-swiftpm",
      "kind" : "remoteSourceControl",
      "location" : "https://github.com/firebase/abseil-cpp-SwiftPM.git",
      "state" : {
        "revision" : "583de9bd60f66b40e78d08599cc92036c2e7e4e1",
        "version" : "0.20220203.2"
      }
    },
    {
      "identity" : "alamofire",
      "kind" : "remoteSourceControl",
      "location" : "https://github.com/Alamofire/Alamofire.git",
      "state" : {
        "revision" : "8dd85aee02e39dd280c75eef88ffdb86eed4b07b",
        "version" : "5.6.2"
      }
    },
    {
      "identity" : "boringssl-swiftpm",
      "kind" : "remoteSourceControl",
      "location" : "https://github.com/firebase/boringssl-SwiftPM.git",
      "state" : {
        "revision" : "dd3eda2b05a3f459fc3073695ad1b28659066eab",
        "version" : "0.9.1"
      }
    },
    {
      "identity" : "conversations-ios",
      "kind" : "remoteSourceControl",
      "location" : "https://github.com/twilio/conversations-ios",
      "state" : {
        "branch" : "master",
        "revision" : "353bcf7fff0c6549bd344312be9a6788c96ad21f"
      }
    },
    {
      "identity" : "countrypicker",
      "kind" : "remoteSourceControl",
      "location" : "https://github.com/mobven/CountryPicker.git",
      "state" : {
        "revision" : "251706ac6b4143dd7218b8c541874af32239e351",
        "version" : "1.0.5"
      }
    },
    {
      "identity" : "currencytext",
      "kind" : "remoteSourceControl",
      "location" : "https://github.com/marinofelipe/CurrencyText.git",
      "state" : {
        "revision" : "7575e49fc9518201b0c609aa08dca83ab21b2050",
        "version" : "2.2.0"
      }
    },
    {
      "identity" : "firebase-ios-sdk",
      "kind" : "remoteSourceControl",
      "location" : "https://github.com/firebase/firebase-ios-sdk.git",
      "state" : {
        "revision" : "7e80c25b51c2ffa238879b07fbfc5baa54bb3050",
        "version" : "9.6.0"
      }
    },
    {
      "identity" : "googleappmeasurement",
      "kind" : "remoteSourceControl",
      "location" : "https://github.com/google/GoogleAppMeasurement.git",
      "state" : {
        "revision" : "c1cfde8067668027b23a42c29d11c246152fe046",
        "version" : "9.6.0"
      }
    },
    {
      "identity" : "googledatatransport",
      "kind" : "remoteSourceControl",
      "location" : "https://github.com/google/GoogleDataTransport.git",
      "state" : {
        "revision" : "5056b15c5acbb90cd214fe4d6138bdf5a740e5a8",
        "version" : "9.2.0"
      }
    },
    {
      "identity" : "googleutilities",
      "kind" : "remoteSourceControl",
      "location" : "https://github.com/google/GoogleUtilities.git",
      "state" : {
        "revision" : "68ea347bdb1a69e2d2ae2e25cd085b6ef92f64cb",
        "version" : "7.9.0"
      }
    },
    {
      "identity" : "grpc-ios",
      "kind" : "remoteSourceControl",
      "location" : "https://github.com/grpc/grpc-ios.git",
      "state" : {
        "revision" : "8440b914756e0d26d4f4d054a1c1581daedfc5b6",
        "version" : "1.44.3-grpc"
      }
    },
    {
      "identity" : "gtm-session-fetcher",
      "kind" : "remoteSourceControl",
      "location" : "https://github.com/google/gtm-session-fetcher.git",
      "state" : {
        "revision" : "d4289da23e978f37c344ea6a386e5546e2466294",
        "version" : "2.1.0"
      }
    },
    {
      "identity" : "iqkeyboardmanager",
      "kind" : "remoteSourceControl",
      "location" : "https://github.com/hackiftekhar/IQKeyboardManager.git",
      "state" : {
        "revision" : "9ab144a1a6c6ae8dad25840610c072709b15d8b5",
        "version" : "6.5.10"
      }
    },
    {
      "identity" : "leveldb",
      "kind" : "remoteSourceControl",
      "location" : "https://github.com/firebase/leveldb.git",
      "state" : {
        "revision" : "0706abcc6b0bd9cedfbb015ba840e4a780b5159b",
        "version" : "1.22.2"
      }
    },
    {
      "identity" : "lottie-ios",
      "kind" : "remoteSourceControl",
      "location" : "https://github.com/airbnb/lottie-ios",
      "state" : {
        "revision" : "314537ec697719fa33a9d48210f4d06a463286d3",
        "version" : "3.4.3"
      }
    },
    {
      "identity" : "moya",
      "kind" : "remoteSourceControl",
      "location" : "https://github.com/Moya/Moya.git",
      "state" : {
        "revision" : "c263811c1f3dbf002be9bd83107f7cdc38992b26",
        "version" : "15.0.3"
      }
    },
    {
      "identity" : "nanopb",
      "kind" : "remoteSourceControl",
      "location" : "https://github.com/firebase/nanopb.git",
      "state" : {
        "revision" : "819d0a2173aff699fb8c364b6fb906f7cdb1a692",
        "version" : "2.30909.0"
      }
    },
    {
      "identity" : "onesignal-xcframework",
      "kind" : "remoteSourceControl",
      "location" : "https://github.com/OneSignal/OneSignal-XCFramework",
      "state" : {
        "revision" : "5016b3aee6e08e9a8e55b2197e60a40ee3d3ebe5",
        "version" : "3.11.2"
      }
    },
    {
      "identity" : "promises",
      "kind" : "remoteSourceControl",
      "location" : "https://github.com/google/promises.git",
      "state" : {
        "revision" : "3e4e743631e86c8c70dbc6efdc7beaa6e90fd3bb",
        "version" : "2.1.1"
      }
    },
    {
      "identity" : "qgrid",
      "kind" : "remoteSourceControl",
      "location" : "https://github.com/Q-Mobile/QGrid.git",
      "state" : {
        "revision" : "804e59f8cb9f66b226685e9369fb82029742b83a",
        "version" : "0.1.4"
      }
    },
    {
      "identity" : "reactiveswift",
      "kind" : "remoteSourceControl",
      "location" : "https://github.com/ReactiveCocoa/ReactiveSwift.git",
      "state" : {
        "revision" : "c43bae3dac73fdd3cb906bd5a1914686ca71ed3c",
        "version" : "6.7.0"
      }
    },
    {
      "identity" : "rxswift",
      "kind" : "remoteSourceControl",
      "location" : "https://github.com/ReactiveX/RxSwift.git",
      "state" : {
        "revision" : "b4307ba0b6425c0ba4178e138799946c3da594f8",
        "version" : "6.5.0"
      }
    },
    {
      "identity" : "sdwebimage",
      "kind" : "remoteSourceControl",
      "location" : "https://github.com/SDWebImage/SDWebImage.git",
      "state" : {
        "revision" : "3e48cb68d8e668d146dc59c73fb98cb628616236",
        "version" : "5.13.2"
      }
    },
    {
      "identity" : "sdwebimagesvgcoder",
      "kind" : "remoteSourceControl",
      "location" : "https://github.com/SDWebImage/SDWebImageSVGCoder.git",
      "state" : {
        "revision" : "afbe025cbdae37c20c144956fbabc07ddd5c0fc2",
        "version" : "1.6.1"
      }
    },
    {
      "identity" : "sdwebimageswiftui",
      "kind" : "remoteSourceControl",
      "location" : "https://github.com/SDWebImage/SDWebImageSwiftUI.git",
      "state" : {
        "revision" : "83d46c08b5027727955fe83f67be4388c3aae65b",
        "version" : "2.1.0"
      }
    },
    {
      "identity" : "slideovercard",
      "kind" : "remoteSourceControl",
      "location" : "https://github.com/joogps/SlideOverCard.git",
      "state" : {
        "revision" : "98af5370e49d3d51efb387aacee0245ec656e32b",
        "version" : "2.1.0"
      }
    },
    {
      "identity" : "swift-case-paths",
      "kind" : "remoteSourceControl",
      "location" : "https://github.com/pointfreeco/swift-case-paths",
      "state" : {
        "revision" : "7346701ea29da0a85d4403cf3d7a589a58ae3dee",
        "version" : "0.9.2"
      }
    },
    {
      "identity" : "swift-protobuf",
      "kind" : "remoteSourceControl",
      "location" : "https://github.com/apple/swift-protobuf.git",
      "state" : {
        "revision" : "88c7d15e1242fdb6ecbafbc7926426a19be1e98a",
        "version" : "1.20.2"
      }
    },
    {
      "identity" : "swiftkeychainwrapper",
      "kind" : "remoteSourceControl",
      "location" : "https://github.com/jrendel/SwiftKeychainWrapper",
      "state" : {
        "revision" : "185a3165346a03767101c4f62e9a545a0fe0530f",
        "version" : "4.0.1"
      }
    },
    {
      "identity" : "swiftui-introspect",
      "kind" : "remoteSourceControl",
      "location" : "https://github.com/siteline/SwiftUI-Introspect.git",
      "state" : {
        "revision" : "f2616860a41f9d9932da412a8978fec79c06fe24",
        "version" : "0.1.4"
      }
    },
    {
      "identity" : "swiftui-navigation",
      "kind" : "remoteSourceControl",
      "location" : "https://github.com/pointfreeco/swiftui-navigation",
      "state" : {
        "revision" : "2694c03284a368168b3e0b8d7ab52626802d2246",
        "version" : "0.1.0"
      }
    },
    {
      "identity" : "trackable-scroll-view",
      "kind" : "remoteSourceControl",
      "location" : "https://github.com/maxnatchanon/trackable-scroll-view",
      "state" : {
        "branch" : "master",
        "revision" : "4b094575c2370c3341d0b377a27b46bda4f937f7"
      }
    },
    {
      "identity" : "twilio-live-player-ios",
      "kind" : "remoteSourceControl",
      "location" : "https://github.com/twilio/twilio-live-player-ios",
      "state" : {
        "revision" : "97dff98041229cfe90c9d2e5b930c836279a9a48",
        "version" : "1.1.0"
      }
    },
    {
      "identity" : "twilio-sync-ios",
      "kind" : "remoteSourceControl",
      "location" : "https://github.com/twilio/twilio-sync-ios",
      "state" : {
        "branch" : "master",
        "revision" : "b86b6edbda9010e4832f03e74591ad7b4ba4573e"
      }
    },
    {
      "identity" : "twilio-video-ios",
      "kind" : "remoteSourceControl",
      "location" : "https://github.com/twilio/twilio-video-ios",
      "state" : {
        "revision" : "b36746c8fc1f570dc10f2422e73cace16fb3afd7",
        "version" : "5.2.0"
      }
    },
    {
      "identity" : "waterfallgrid",
      "kind" : "remoteSourceControl",
      "location" : "https://github.com/paololeonardi/WaterfallGrid.git",
      "state" : {
        "revision" : "944aa82832ed5a9eaaf50862cdd53e3c10ab55eb",
        "version" : "1.0.1"
      }
    }
  ],
  "version" : 2
}
