// !$*UTF8*$!
{
	archiveVersion = 1;
	classes = {
	};
	objectVersion = 50;
	objects = {

/* Begin PBXBuildFile section */
		ECBA13E626B78F77004D452C /* AppDelegate.swift in Sources */ = {isa = PBXBuildFile; fileRef = ECBA13E526B78F77004D452C /* AppDelegate.swift */; };
		ECBA13E826B78F77004D452C /* SceneDelegate.swift in Sources */ = {isa = PBXBuildFile; fileRef = ECBA13E726B78F77004D452C /* SceneDelegate.swift */; };
		ECBA13EA26B78F77004D452C /* ContentView.swift in Sources */ = {isa = PBXBuildFile; fileRef = ECBA13E926B78F77004D452C /* ContentView.swift */; };
		ECBA13ED26B78F77004D452C /* DinotisApp.xcdatamodeld in Sources */ = {isa = PBXBuildFile; fileRef = ECBA13EB26B78F77004D452C /* DinotisApp.xcdatamodeld */; };
		ECBA13EF26B78F78004D452C /* Assets.xcassets in Resources */ = {isa = PBXBuildFile; fileRef = ECBA13EE26B78F78004D452C /* Assets.xcassets */; };
		ECBA13F226B78F78004D452C /* Preview Assets.xcassets in Resources */ = {isa = PBXBuildFile; fileRef = ECBA13F126B78F78004D452C /* Preview Assets.xcassets */; };
		ECBA13F526B78F78004D452C /* LaunchScreen.storyboard in Resources */ = {isa = PBXBuildFile; fileRef = ECBA13F326B78F78004D452C /* LaunchScreen.storyboard */; };
		ECBA140026B78F78004D452C /* DinotisAppTests.swift in Sources */ = {isa = PBXBuildFile; fileRef = ECBA13FF26B78F78004D452C /* DinotisAppTests.swift */; };
		ECBA140B26B78F78004D452C /* DinotisAppUITests.swift in Sources */ = {isa = PBXBuildFile; fileRef = ECBA140A26B78F78004D452C /* DinotisAppUITests.swift */; };
/* End PBXBuildFile section */

/* Begin PBXContainerItemProxy section */
		ECBA13FC26B78F78004D452C /* PBXContainerItemProxy */ = {
			isa = PBXContainerItemProxy;
			containerPortal = ECBA13DA26B78F77004D452C /* Project object */;
			proxyType = 1;
			remoteGlobalIDString = ECBA13E126B78F77004D452C;
			remoteInfo = DinotisApp;
		};
		ECBA140726B78F78004D452C /* PBXContainerItemProxy */ = {
			isa = PBXContainerItemProxy;
			containerPortal = ECBA13DA26B78F77004D452C /* Project object */;
			proxyType = 1;
			remoteGlobalIDString = ECBA13E126B78F77004D452C;
			remoteInfo = DinotisApp;
		};
/* End PBXContainerItemProxy section */

/* Begin PBXFileReference section */
		ECBA13E226B78F77004D452C /* DinotisApp.app */ = {isa = PBXFileReference; explicitFileType = wrapper.application; includeInIndex = 0; path = DinotisApp.app; sourceTree = BUILT_PRODUCTS_DIR; };
		ECBA13E526B78F77004D452C /* AppDelegate.swift */ = {isa = PBXFileReference; lastKnownFileType = sourcecode.swift; path = AppDelegate.swift; sourceTree = "<group>"; };
		ECBA13E726B78F77004D452C /* SceneDelegate.swift */ = {isa = PBXFileReference; lastKnownFileType = sourcecode.swift; path = SceneDelegate.swift; sourceTree = "<group>"; };
		ECBA13E926B78F77004D452C /* ContentView.swift */ = {isa = PBXFileReference; lastKnownFileType = sourcecode.swift; path = ContentView.swift; sourceTree = "<group>"; };
		ECBA13EC26B78F77004D452C /* DinotisApp.xcdatamodel */ = {isa = PBXFileReference; lastKnownFileType = wrapper.xcdatamodel; path = DinotisApp.xcdatamodel; sourceTree = "<group>"; };
		ECBA13EE26B78F78004D452C /* Assets.xcassets */ = {isa = PBXFileReference; lastKnownFileType = folder.assetcatalog; path = Assets.xcassets; sourceTree = "<group>"; };
		ECBA13F126B78F78004D452C /* Preview Assets.xcassets */ = {isa = PBXFileReference; lastKnownFileType = folder.assetcatalog; path = "Preview Assets.xcassets"; sourceTree = "<group>"; };
		ECBA13F426B78F78004D452C /* Base */ = {isa = PBXFileReference; lastKnownFileType = file.storyboard; name = Base; path = Base.lproj/LaunchScreen.storyboard; sourceTree = "<group>"; };
		ECBA13F626B78F78004D452C /* Info.plist */ = {isa = PBXFileReference; lastKnownFileType = text.plist.xml; path = Info.plist; sourceTree = "<group>"; };
		ECBA13FB26B78F78004D452C /* DinotisAppTests.xctest */ = {isa = PBXFileReference; explicitFileType = wrapper.cfbundle; includeInIndex = 0; path = DinotisAppTests.xctest; sourceTree = BUILT_PRODUCTS_DIR; };
		ECBA13FF26B78F78004D452C /* DinotisAppTests.swift */ = {isa = PBXFileReference; lastKnownFileType = sourcecode.swift; path = DinotisAppTests.swift; sourceTree = "<group>"; };
		ECBA140126B78F78004D452C /* Info.plist */ = {isa = PBXFileReference; lastKnownFileType = text.plist.xml; path = Info.plist; sourceTree = "<group>"; };
		ECBA140626B78F78004D452C /* DinotisAppUITests.xctest */ = {isa = PBXFileReference; explicitFileType = wrapper.cfbundle; includeInIndex = 0; path = DinotisAppUITests.xctest; sourceTree = BUILT_PRODUCTS_DIR; };
		ECBA140A26B78F78004D452C /* DinotisAppUITests.swift */ = {isa = PBXFileReference; lastKnownFileType = sourcecode.swift; path = DinotisAppUITests.swift; sourceTree = "<group>"; };
		ECBA140C26B78F78004D452C /* Info.plist */ = {isa = PBXFileReference; lastKnownFileType = text.plist.xml; path = Info.plist; sourceTree = "<group>"; };
/* End PBXFileReference section */

/* Begin PBXFrameworksBuildPhase section */
		ECBA13DF26B78F77004D452C /* Frameworks */ = {
			isa = PBXFrameworksBuildPhase;
			buildActionMask = 2147483647;
			files = (
			);
			runOnlyForDeploymentPostprocessing = 0;
		};
		ECBA13F826B78F78004D452C /* Frameworks */ = {
			isa = PBXFrameworksBuildPhase;
			buildActionMask = 2147483647;
			files = (
			);
			runOnlyForDeploymentPostprocessing = 0;
		};
		ECBA140326B78F78004D452C /* Frameworks */ = {
			isa = PBXFrameworksBuildPhase;
			buildActionMask = 2147483647;
			files = (
			);
			runOnlyForDeploymentPostprocessing = 0;
		};
/* End PBXFrameworksBuildPhase section */

/* Begin PBXGroup section */
		ECBA13D926B78F77004D452C = {
			isa = PBXGroup;
			children = (
				ECBA13E426B78F77004D452C /* DinotisApp */,
				ECBA13FE26B78F78004D452C /* DinotisAppTests */,
				ECBA140926B78F78004D452C /* DinotisAppUITests */,
				ECBA13E326B78F77004D452C /* Products */,
			);
			sourceTree = "<group>";
		};
		ECBA13E326B78F77004D452C /* Products */ = {
			isa = PBXGroup;
			children = (
				ECBA13E226B78F77004D452C /* DinotisApp.app */,
				ECBA13FB26B78F78004D452C /* DinotisAppTests.xctest */,
				ECBA140626B78F78004D452C /* DinotisAppUITests.xctest */,
			);
			name = Products;
			sourceTree = "<group>";
		};
		ECBA13E426B78F77004D452C /* DinotisApp */ = {
			isa = PBXGroup;
			children = (
				ECBA142A26B79132004D452C /* Common */,
				ECBA142E26B79149004D452C /* View */,
				ECBA13EE26B78F78004D452C /* Assets.xcassets */,
				ECBA13F326B78F78004D452C /* LaunchScreen.storyboard */,
				ECBA13F626B78F78004D452C /* Info.plist */,
				ECBA143226B79153004D452C /* Local Storage */,
				ECBA13F026B78F78004D452C /* Preview Content */,
			);
			path = DinotisApp;
			sourceTree = "<group>";
		};
		ECBA13F026B78F78004D452C /* Preview Content */ = {
			isa = PBXGroup;
			children = (
				ECBA13F126B78F78004D452C /* Preview Assets.xcassets */,
			);
			path = "Preview Content";
			sourceTree = "<group>";
		};
		ECBA13FE26B78F78004D452C /* DinotisAppTests */ = {
			isa = PBXGroup;
			children = (
				ECBA13FF26B78F78004D452C /* DinotisAppTests.swift */,
				ECBA140126B78F78004D452C /* Info.plist */,
			);
			path = DinotisAppTests;
			sourceTree = "<group>";
		};
		ECBA140926B78F78004D452C /* DinotisAppUITests */ = {
			isa = PBXGroup;
			children = (
				ECBA140A26B78F78004D452C /* DinotisAppUITests.swift */,
				ECBA140C26B78F78004D452C /* Info.plist */,
			);
			path = DinotisAppUITests;
			sourceTree = "<group>";
		};
		ECBA142A26B79132004D452C /* Common */ = {
			isa = PBXGroup;
			children = (
				ECBA13E526B78F77004D452C /* AppDelegate.swift */,
				ECBA13E726B78F77004D452C /* SceneDelegate.swift */,
			);
			path = Common;
			sourceTree = "<group>";
		};
		ECBA142E26B79149004D452C /* View */ = {
			isa = PBXGroup;
			children = (
				ECBA13E926B78F77004D452C /* ContentView.swift */,
			);
			path = View;
			sourceTree = "<group>";
		};
		ECBA143226B79153004D452C /* Local Storage */ = {
			isa = PBXGroup;
			children = (
				ECBA13EB26B78F77004D452C /* DinotisApp.xcdatamodeld */,
			);
			path = "Local Storage";
			sourceTree = "<group>";
		};
/* End PBXGroup section */

/* Begin PBXNativeTarget section */
		ECBA13E126B78F77004D452C /* DinotisApp */ = {
			isa = PBXNativeTarget;
			buildConfigurationList = ECBA140F26B78F78004D452C /* Build configuration list for PBXNativeTarget "DinotisApp" */;
			buildPhases = (
				ECBA13DE26B78F77004D452C /* Sources */,
				ECBA13DF26B78F77004D452C /* Frameworks */,
				ECBA13E026B78F77004D452C /* Resources */,
			);
			buildRules = (
			);
			dependencies = (
			);
			name = DinotisApp;
			productName = DinotisApp;
			productReference = ECBA13E226B78F77004D452C /* DinotisApp.app */;
			productType = "com.apple.product-type.application";
		};
		ECBA13FA26B78F78004D452C /* DinotisAppTests */ = {
			isa = PBXNativeTarget;
			buildConfigurationList = ECBA141226B78F78004D452C /* Build configuration list for PBXNativeTarget "DinotisAppTests" */;
			buildPhases = (
				ECBA13F726B78F78004D452C /* Sources */,
				ECBA13F826B78F78004D452C /* Frameworks */,
				ECBA13F926B78F78004D452C /* Resources */,
			);
			buildRules = (
			);
			dependencies = (
				ECBA13FD26B78F78004D452C /* PBXTargetDependency */,
			);
			name = DinotisAppTests;
			productName = DinotisAppTests;
			productReference = ECBA13FB26B78F78004D452C /* DinotisAppTests.xctest */;
			productType = "com.apple.product-type.bundle.unit-test";
		};
		ECBA140526B78F78004D452C /* DinotisAppUITests */ = {
			isa = PBXNativeTarget;
			buildConfigurationList = ECBA141526B78F78004D452C /* Build configuration list for PBXNativeTarget "DinotisAppUITests" */;
			buildPhases = (
				ECBA140226B78F78004D452C /* Sources */,
				ECBA140326B78F78004D452C /* Frameworks */,
				ECBA140426B78F78004D452C /* Resources */,
			);
			buildRules = (
			);
			dependencies = (
				ECBA140826B78F78004D452C /* PBXTargetDependency */,
			);
			name = DinotisAppUITests;
			productName = DinotisAppUITests;
			productReference = ECBA140626B78F78004D452C /* DinotisAppUITests.xctest */;
			productType = "com.apple.product-type.bundle.ui-testing";
		};
/* End PBXNativeTarget section */

/* Begin PBXProject section */
		ECBA13DA26B78F77004D452C /* Project object */ = {
			isa = PBXProject;
			attributes = {
				LastSwiftUpdateCheck = 1240;
				LastUpgradeCheck = 1240;
				TargetAttributes = {
					ECBA13E126B78F77004D452C = {
						CreatedOnToolsVersion = 12.4;
					};
					ECBA13FA26B78F78004D452C = {
						CreatedOnToolsVersion = 12.4;
						TestTargetID = ECBA13E126B78F77004D452C;
					};
					ECBA140526B78F78004D452C = {
						CreatedOnToolsVersion = 12.4;
						TestTargetID = ECBA13E126B78F77004D452C;
					};
				};
			};
			buildConfigurationList = ECBA13DD26B78F77004D452C /* Build configuration list for PBXProject "DinotisApp" */;
			compatibilityVersion = "Xcode 9.3";
			developmentRegion = en;
			hasScannedForEncodings = 0;
			knownRegions = (
				en,
				Base,
			);
			mainGroup = ECBA13D926B78F77004D452C;
			productRefGroup = ECBA13E326B78F77004D452C /* Products */;
			projectDirPath = "";
			projectRoot = "";
			targets = (
				ECBA13E126B78F77004D452C /* DinotisApp */,
				ECBA13FA26B78F78004D452C /* DinotisAppTests */,
				ECBA140526B78F78004D452C /* DinotisAppUITests */,
			);
		};
/* End PBXProject section */

/* Begin PBXResourcesBuildPhase section */
		ECBA13E026B78F77004D452C /* Resources */ = {
			isa = PBXResourcesBuildPhase;
			buildActionMask = 2147483647;
			files = (
				ECBA13F526B78F78004D452C /* LaunchScreen.storyboard in Resources */,
				ECBA13F226B78F78004D452C /* Preview Assets.xcassets in Resources */,
				ECBA13EF26B78F78004D452C /* Assets.xcassets in Resources */,
			);
			runOnlyForDeploymentPostprocessing = 0;
		};
		ECBA13F926B78F78004D452C /* Resources */ = {
			isa = PBXResourcesBuildPhase;
			buildActionMask = 2147483647;
			files = (
			);
			runOnlyForDeploymentPostprocessing = 0;
		};
		ECBA140426B78F78004D452C /* Resources */ = {
			isa = PBXResourcesBuildPhase;
			buildActionMask = 2147483647;
			files = (
			);
			runOnlyForDeploymentPostprocessing = 0;
		};
/* End PBXResourcesBuildPhase section */

/* Begin PBXSourcesBuildPhase section */
		ECBA13DE26B78F77004D452C /* Sources */ = {
			isa = PBXSourcesBuildPhase;
			buildActionMask = 2147483647;
			files = (
				ECBA13E626B78F77004D452C /* AppDelegate.swift in Sources */,
				ECBA13E826B78F77004D452C /* SceneDelegate.swift in Sources */,
				ECBA13ED26B78F77004D452C /* DinotisApp.xcdatamodeld in Sources */,
				ECBA13EA26B78F77004D452C /* ContentView.swift in Sources */,
			);
			runOnlyForDeploymentPostprocessing = 0;
		};
		ECBA13F726B78F78004D452C /* Sources */ = {
			isa = PBXSourcesBuildPhase;
			buildActionMask = 2147483647;
			files = (
				ECBA140026B78F78004D452C /* DinotisAppTests.swift in Sources */,
			);
			runOnlyForDeploymentPostprocessing = 0;
		};
		ECBA140226B78F78004D452C /* Sources */ = {
			isa = PBXSourcesBuildPhase;
			buildActionMask = 2147483647;
			files = (
				ECBA140B26B78F78004D452C /* DinotisAppUITests.swift in Sources */,
			);
			runOnlyForDeploymentPostprocessing = 0;
		};
/* End PBXSourcesBuildPhase section */

/* Begin PBXTargetDependency section */
		ECBA13FD26B78F78004D452C /* PBXTargetDependency */ = {
			isa = PBXTargetDependency;
			target = ECBA13E126B78F77004D452C /* DinotisApp */;
			targetProxy = ECBA13FC26B78F78004D452C /* PBXContainerItemProxy */;
		};
		ECBA140826B78F78004D452C /* PBXTargetDependency */ = {
			isa = PBXTargetDependency;
			target = ECBA13E126B78F77004D452C /* DinotisApp */;
			targetProxy = ECBA140726B78F78004D452C /* PBXContainerItemProxy */;
		};
/* End PBXTargetDependency section */

/* Begin PBXVariantGroup section */
		ECBA13F326B78F78004D452C /* LaunchScreen.storyboard */ = {
			isa = PBXVariantGroup;
			children = (
				ECBA13F426B78F78004D452C /* Base */,
			);
			name = LaunchScreen.storyboard;
			sourceTree = "<group>";
		};
/* End PBXVariantGroup section */

/* Begin XCBuildConfiguration section */
		ECBA140D26B78F78004D452C /* Debug */ = {
			isa = XCBuildConfiguration;
			buildSettings = {
				ALWAYS_SEARCH_USER_PATHS = NO;
				CLANG_ANALYZER_NONNULL = YES;
				CLANG_ANALYZER_NUMBER_OBJECT_CONVERSION = YES_AGGRESSIVE;
				CLANG_CXX_LANGUAGE_STANDARD = "gnu++14";
				CLANG_CXX_LIBRARY = "libc++";
				CLANG_ENABLE_MODULES = YES;
				CLANG_ENABLE_OBJC_ARC = YES;
				CLANG_ENABLE_OBJC_WEAK = YES;
				CLANG_WARN_BLOCK_CAPTURE_AUTORELEASING = YES;
				CLANG_WARN_BOOL_CONVERSION = YES;
				CLANG_WARN_COMMA = YES;
				CLANG_WARN_CONSTANT_CONVERSION = YES;
				CLANG_WARN_DEPRECATED_OBJC_IMPLEMENTATIONS = YES;
				CLANG_WARN_DIRECT_OBJC_ISA_USAGE = YES_ERROR;
				CLANG_WARN_DOCUMENTATION_COMMENTS = YES;
				CLANG_WARN_EMPTY_BODY = YES;
				CLANG_WARN_ENUM_CONVERSION = YES;
				CLANG_WARN_INFINITE_RECURSION = YES;
				CLANG_WARN_INT_CONVERSION = YES;
				CLANG_WARN_NON_LITERAL_NULL_CONVERSION = YES;
				CLANG_WARN_OBJC_IMPLICIT_RETAIN_SELF = YES;
				CLANG_WARN_OBJC_LITERAL_CONVERSION = YES;
				CLANG_WARN_OBJC_ROOT_CLASS = YES_ERROR;
				CLANG_WARN_QUOTED_INCLUDE_IN_FRAMEWORK_HEADER = YES;
				CLANG_WARN_RANGE_LOOP_ANALYSIS = YES;
				CLANG_WARN_STRICT_PROTOTYPES = YES;
				CLANG_WARN_SUSPICIOUS_MOVE = YES;
				CLANG_WARN_UNGUARDED_AVAILABILITY = YES_AGGRESSIVE;
				CLANG_WARN_UNREACHABLE_CODE = YES;
				CLANG_WARN__DUPLICATE_METHOD_MATCH = YES;
				COPY_PHASE_STRIP = NO;
				DEBUG_INFORMATION_FORMAT = dwarf;
				ENABLE_STRICT_OBJC_MSGSEND = YES;
				ENABLE_TESTABILITY = YES;
				GCC_C_LANGUAGE_STANDARD = gnu11;
				GCC_DYNAMIC_NO_PIC = NO;
				GCC_NO_COMMON_BLOCKS = YES;
				GCC_OPTIMIZATION_LEVEL = 0;
				GCC_PREPROCESSOR_DEFINITIONS = (
					"DEBUG=1",
					"$(inherited)",
				);
				GCC_WARN_64_TO_32_BIT_CONVERSION = YES;
				GCC_WARN_ABOUT_RETURN_TYPE = YES_ERROR;
				GCC_WARN_UNDECLARED_SELECTOR = YES;
				GCC_WARN_UNINITIALIZED_AUTOS = YES_AGGRESSIVE;
				GCC_WARN_UNUSED_FUNCTION = YES;
				GCC_WARN_UNUSED_VARIABLE = YES;
				IPHONEOS_DEPLOYMENT_TARGET = 14.4;
				MTL_ENABLE_DEBUG_INFO = INCLUDE_SOURCE;
				MTL_FAST_MATH = YES;
				ONLY_ACTIVE_ARCH = YES;
				SDKROOT = iphoneos;
				SWIFT_ACTIVE_COMPILATION_CONDITIONS = DEBUG;
				SWIFT_OPTIMIZATION_LEVEL = "-Onone";
			};
			name = Debug;
		};
		ECBA140E26B78F78004D452C /* Release */ = {
			isa = XCBuildConfiguration;
			buildSettings = {
				ALWAYS_SEARCH_USER_PATHS = NO;
				CLANG_ANALYZER_NONNULL = YES;
				CLANG_ANALYZER_NUMBER_OBJECT_CONVERSION = YES_AGGRESSIVE;
				CLANG_CXX_LANGUAGE_STANDARD = "gnu++14";
				CLANG_CXX_LIBRARY = "libc++";
				CLANG_ENABLE_MODULES = YES;
				CLANG_ENABLE_OBJC_ARC = YES;
				CLANG_ENABLE_OBJC_WEAK = YES;
				CLANG_WARN_BLOCK_CAPTURE_AUTORELEASING = YES;
				CLANG_WARN_BOOL_CONVERSION = YES;
				CLANG_WARN_COMMA = YES;
				CLANG_WARN_CONSTANT_CONVERSION = YES;
				CLANG_WARN_DEPRECATED_OBJC_IMPLEMENTATIONS = YES;
				CLANG_WARN_DIRECT_OBJC_ISA_USAGE = YES_ERROR;
				CLANG_WARN_DOCUMENTATION_COMMENTS = YES;
				CLANG_WARN_EMPTY_BODY = YES;
				CLANG_WARN_ENUM_CONVERSION = YES;
				CLANG_WARN_INFINITE_RECURSION = YES;
				CLANG_WARN_INT_CONVERSION = YES;
				CLANG_WARN_NON_LITERAL_NULL_CONVERSION = YES;
				CLANG_WARN_OBJC_IMPLICIT_RETAIN_SELF = YES;
				CLANG_WARN_OBJC_LITERAL_CONVERSION = YES;
				CLANG_WARN_OBJC_ROOT_CLASS = YES_ERROR;
				CLANG_WARN_QUOTED_INCLUDE_IN_FRAMEWORK_HEADER = YES;
				CLANG_WARN_RANGE_LOOP_ANALYSIS = YES;
				CLANG_WARN_STRICT_PROTOTYPES = YES;
				CLANG_WARN_SUSPICIOUS_MOVE = YES;
				CLANG_WARN_UNGUARDED_AVAILABILITY = YES_AGGRESSIVE;
				CLANG_WARN_UNREACHABLE_CODE = YES;
				CLANG_WARN__DUPLICATE_METHOD_MATCH = YES;
				COPY_PHASE_STRIP = NO;
				DEBUG_INFORMATION_FORMAT = "dwarf-with-dsym";
				ENABLE_NS_ASSERTIONS = NO;
				ENABLE_STRICT_OBJC_MSGSEND = YES;
				GCC_C_LANGUAGE_STANDARD = gnu11;
				GCC_NO_COMMON_BLOCKS = YES;
				GCC_WARN_64_TO_32_BIT_CONVERSION = YES;
				GCC_WARN_ABOUT_RETURN_TYPE = YES_ERROR;
				GCC_WARN_UNDECLARED_SELECTOR = YES;
				GCC_WARN_UNINITIALIZED_AUTOS = YES_AGGRESSIVE;
				GCC_WARN_UNUSED_FUNCTION = YES;
				GCC_WARN_UNUSED_VARIABLE = YES;
				IPHONEOS_DEPLOYMENT_TARGET = 14.4;
				MTL_ENABLE_DEBUG_INFO = NO;
				MTL_FAST_MATH = YES;
				SDKROOT = iphoneos;
				SWIFT_COMPILATION_MODE = wholemodule;
				SWIFT_OPTIMIZATION_LEVEL = "-O";
				VALIDATE_PRODUCT = YES;
			};
			name = Release;
		};
		ECBA141026B78F78004D452C /* Debug */ = {
			isa = XCBuildConfiguration;
			buildSettings = {
				ASSETCATALOG_COMPILER_APPICON_NAME = AppIcon;
				ASSETCATALOG_COMPILER_GLOBAL_ACCENT_COLOR_NAME = AccentColor;
				CODE_SIGN_STYLE = Automatic;
				DEVELOPMENT_ASSET_PATHS = "\"DinotisApp/Preview Content\"";
				DEVELOPMENT_TEAM = 6M5M727687;
				ENABLE_PREVIEWS = YES;
				INFOPLIST_FILE = DinotisApp/Info.plist;
				LD_RUNPATH_SEARCH_PATHS = (
					"$(inherited)",
					"@executable_path/Frameworks",
				);
				PRODUCT_BUNDLE_IDENTIFIER = com.dinotis.DinotisApp;
				PRODUCT_NAME = "$(TARGET_NAME)";
				SWIFT_VERSION = 5.0;
				TARGETED_DEVICE_FAMILY = "1,2";
			};
			name = Debug;
		};
		ECBA141126B78F78004D452C /* Release */ = {
			isa = XCBuildConfiguration;
			buildSettings = {
				ASSETCATALOG_COMPILER_APPICON_NAME = AppIcon;
				ASSETCATALOG_COMPILER_GLOBAL_ACCENT_COLOR_NAME = AccentColor;
				CODE_SIGN_STYLE = Automatic;
				DEVELOPMENT_ASSET_PATHS = "\"DinotisApp/Preview Content\"";
				DEVELOPMENT_TEAM = 6M5M727687;
				ENABLE_PREVIEWS = YES;
				INFOPLIST_FILE = DinotisApp/Info.plist;
				LD_RUNPATH_SEARCH_PATHS = (
					"$(inherited)",
					"@executable_path/Frameworks",
				);
				PRODUCT_BUNDLE_IDENTIFIER = com.dinotis.DinotisApp;
				PRODUCT_NAME = "$(TARGET_NAME)";
				SWIFT_VERSION = 5.0;
				TARGETED_DEVICE_FAMILY = "1,2";
			};
			name = Release;
		};
		ECBA141326B78F78004D452C /* Debug */ = {
			isa = XCBuildConfiguration;
			buildSettings = {
				ALWAYS_EMBED_SWIFT_STANDARD_LIBRARIES = YES;
				BUNDLE_LOADER = "$(TEST_HOST)";
				CODE_SIGN_STYLE = Automatic;
				DEVELOPMENT_TEAM = 6M5M727687;
				INFOPLIST_FILE = DinotisAppTests/Info.plist;
				IPHONEOS_DEPLOYMENT_TARGET = 14.4;
				LD_RUNPATH_SEARCH_PATHS = (
					"$(inherited)",
					"@executable_path/Frameworks",
					"@loader_path/Frameworks",
				);
				PRODUCT_BUNDLE_IDENTIFIER = com.dinotis.DinotisAppTests;
				PRODUCT_NAME = "$(TARGET_NAME)";
				SWIFT_VERSION = 5.0;
				TARGETED_DEVICE_FAMILY = "1,2";
				TEST_HOST = "$(BUILT_PRODUCTS_DIR)/DinotisApp.app/DinotisApp";
			};
			name = Debug;
		};
		ECBA141426B78F78004D452C /* Release */ = {
			isa = XCBuildConfiguration;
			buildSettings = {
				ALWAYS_EMBED_SWIFT_STANDARD_LIBRARIES = YES;
				BUNDLE_LOADER = "$(TEST_HOST)";
				CODE_SIGN_STYLE = Automatic;
				DEVELOPMENT_TEAM = 6M5M727687;
				INFOPLIST_FILE = DinotisAppTests/Info.plist;
				IPHONEOS_DEPLOYMENT_TARGET = 14.4;
				LD_RUNPATH_SEARCH_PATHS = (
					"$(inherited)",
					"@executable_path/Frameworks",
					"@loader_path/Frameworks",
				);
				PRODUCT_BUNDLE_IDENTIFIER = com.dinotis.DinotisAppTests;
				PRODUCT_NAME = "$(TARGET_NAME)";
				SWIFT_VERSION = 5.0;
				TARGETED_DEVICE_FAMILY = "1,2";
				TEST_HOST = "$(BUILT_PRODUCTS_DIR)/DinotisApp.app/DinotisApp";
			};
			name = Release;
		};
		ECBA141626B78F78004D452C /* Debug */ = {
			isa = XCBuildConfiguration;
			buildSettings = {
				ALWAYS_EMBED_SWIFT_STANDARD_LIBRARIES = YES;
				CODE_SIGN_STYLE = Automatic;
				DEVELOPMENT_TEAM = 6M5M727687;
				INFOPLIST_FILE = DinotisAppUITests/Info.plist;
				LD_RUNPATH_SEARCH_PATHS = (
					"$(inherited)",
					"@executable_path/Frameworks",
					"@loader_path/Frameworks",
				);
				PRODUCT_BUNDLE_IDENTIFIER = com.dinotis.DinotisAppUITests;
				PRODUCT_NAME = "$(TARGET_NAME)";
				SWIFT_VERSION = 5.0;
				TARGETED_DEVICE_FAMILY = "1,2";
				TEST_TARGET_NAME = DinotisApp;
			};
			name = Debug;
		};
		ECBA141726B78F78004D452C /* Release */ = {
			isa = XCBuildConfiguration;
			buildSettings = {
				ALWAYS_EMBED_SWIFT_STANDARD_LIBRARIES = YES;
				CODE_SIGN_STYLE = Automatic;
				DEVELOPMENT_TEAM = 6M5M727687;
				INFOPLIST_FILE = DinotisAppUITests/Info.plist;
				LD_RUNPATH_SEARCH_PATHS = (
					"$(inherited)",
					"@executable_path/Frameworks",
					"@loader_path/Frameworks",
				);
				PRODUCT_BUNDLE_IDENTIFIER = com.dinotis.DinotisAppUITests;
				PRODUCT_NAME = "$(TARGET_NAME)";
				SWIFT_VERSION = 5.0;
				TARGETED_DEVICE_FAMILY = "1,2";
				TEST_TARGET_NAME = DinotisApp;
			};
			name = Release;
		};
/* End XCBuildConfiguration section */

/* Begin XCConfigurationList section */
		ECBA13DD26B78F77004D452C /* Build configuration list for PBXProject "DinotisApp" */ = {
			isa = XCConfigurationList;
			buildConfigurations = (
				ECBA140D26B78F78004D452C /* Debug */,
				ECBA140E26B78F78004D452C /* Release */,
			);
			defaultConfigurationIsVisible = 0;
			defaultConfigurationName = Release;
		};
		ECBA140F26B78F78004D452C /* Build configuration list for PBXNativeTarget "DinotisApp" */ = {
			isa = XCConfigurationList;
			buildConfigurations = (
				ECBA141026B78F78004D452C /* Debug */,
				ECBA141126B78F78004D452C /* Release */,
			);
			defaultConfigurationIsVisible = 0;
			defaultConfigurationName = Release;
		};
		ECBA141226B78F78004D452C /* Build configuration list for PBXNativeTarget "DinotisAppTests" */ = {
			isa = XCConfigurationList;
			buildConfigurations = (
				ECBA141326B78F78004D452C /* Debug */,
				ECBA141426B78F78004D452C /* Release */,
			);
			defaultConfigurationIsVisible = 0;
			defaultConfigurationName = Release;
		};
		ECBA141526B78F78004D452C /* Build configuration list for PBXNativeTarget "DinotisAppUITests" */ = {
			isa = XCConfigurationList;
			buildConfigurations = (
				ECBA141626B78F78004D452C /* Debug */,
				ECBA141726B78F78004D452C /* Release */,
			);
			defaultConfigurationIsVisible = 0;
			defaultConfigurationName = Release;
		};
/* End XCConfigurationList section */

/* Begin XCVersionGroup section */
		ECBA13EB26B78F77004D452C /* DinotisApp.xcdatamodeld */ = {
			isa = XCVersionGroup;
			children = (
				ECBA13EC26B78F77004D452C /* DinotisApp.xcdatamodel */,
			);
			currentVersion = ECBA13EC26B78F77004D452C /* DinotisApp.xcdatamodel */;
			path = DinotisApp.xcdatamodeld;
			sourceTree = "<group>";
			versionGroupType = wrapper.xcdatamodel;
		};
/* End XCVersionGroup section */
	};
	rootObject = ECBA13DA26B78F77004D452C /* Project object */;
}
